
Microsoft Visual Studio Solution File, Format Version 12.00
# Visual Studio Version 17
VisualStudioVersion = 17.7.34031.279
MinimumVisualStudioVersion = 10.0.40219.1
Project("{9A19103F-16F7-4668-BE54-9A1E7A4F7556}") = "Assignment-1", "Assignment-1\Assignment-1.csproj", "{DC312F51-0D4E-4BAB-9669-4760C032C7C8}"
EndProject
Project("{9A19103F-16F7-4668-BE54-9A1E7A4F7556}") = "Assignment-2", "Assignment-2\Assignment-2.csproj", "{9EAE669F-2ACF-4046-B655-AE5C919FBBB8}"
EndProject
Project("{9A19103F-16F7-4668-BE54-9A1E7A4F7556}") = "Assignment-3", "Assignment-3\Assignment-3.csproj", "{DF9C3907-1EFA-4877-AE9D-DA9CCE5D8242}"
EndProject
Project("{9A19103F-16F7-4668-BE54-9A1E7A4F7556}") = "Assignment-4", "Assignment-4\Assignment-4.csproj", "{2E5CA98F-1E2E-47EE-BD87-1CAED479BFAE}"
EndProject
Project("{FAE04EC0-301F-11D3-BF4B-00C04F79EFBC}") = "Assignment-5", "Assignment-5\Assignment-5.csproj", "{AA7CB6DD-7A03-45AB-86F1-A4139F7E93C1}"
EndProject
Project("{FAE04EC0-301F-11D3-BF4B-00C04F79EFBC}") = "Assignment-6", "Assignment-6\Assignment-6.csproj", "{86C4A77D-EAB0-46CC-A87A-E9D504290A17}"
EndProject
Global
	GlobalSection(SolutionConfigurationPlatforms) = preSolution
		Debug|Any CPU = Debug|Any CPU
		Release|Any CPU = Release|Any CPU
	EndGlobalSection
	GlobalSection(ProjectConfigurationPlatforms) = postSolution
		{DC312F51-0D4E-4BAB-9669-4760C032C7C8}.Debug|Any CPU.ActiveCfg = Debug|Any CPU
		{DC312F51-0D4E-4BAB-9669-4760C032C7C8}.Debug|Any CPU.Build.0 = Debug|Any CPU
		{DC312F51-0D4E-4BAB-9669-4760C032C7C8}.Release|Any CPU.ActiveCfg = Release|Any CPU
		{DC312F51-0D4E-4BAB-9669-4760C032C7C8}.Release|Any CPU.Build.0 = Release|Any CPU
		{9EAE669F-2ACF-4046-B655-AE5C919FBBB8}.Debug|Any CPU.ActiveCfg = Debug|Any CPU
		{9EAE669F-2ACF-4046-B655-AE5C919FBBB8}.Debug|Any CPU.Build.0 = Debug|Any CPU
		{9EAE669F-2ACF-4046-B655-AE5C919FBBB8}.Release|Any CPU.ActiveCfg = Release|Any CPU
		{9EAE669F-2ACF-4046-B655-AE5C919FBBB8}.Release|Any CPU.Build.0 = Release|Any CPU
		{DF9C3907-1EFA-4877-AE9D-DA9CCE5D8242}.Debug|Any CPU.ActiveCfg = Debug|Any CPU
		{DF9C3907-1EFA-4877-AE9D-DA9CCE5D8242}.Debug|Any CPU.Build.0 = Debug|Any CPU
		{DF9C3907-1EFA-4877-AE9D-DA9CCE5D8242}.Release|Any CPU.ActiveCfg = Release|Any CPU
		{DF9C3907-1EFA-4877-AE9D-DA9CCE5D8242}.Release|Any CPU.Build.0 = Release|Any CPU
		{2E5CA98F-1E2E-47EE-BD87-1CAED479BFAE}.Debug|Any CPU.ActiveCfg = Debug|Any CPU
		{2E5CA98F-1E2E-47EE-BD87-1CAED479BFAE}.Debug|Any CPU.Build.0 = Debug|Any CPU
		{2E5CA98F-1E2E-47EE-BD87-1CAED479BFAE}.Release|Any CPU.ActiveCfg = Release|Any CPU
		{2E5CA98F-1E2E-47EE-BD87-1CAED479BFAE}.Release|Any CPU.Build.0 = Release|Any CPU
		{AA7CB6DD-7A03-45AB-86F1-A4139F7E93C1}.Debug|Any CPU.ActiveCfg = Debug|Any CPU
		{AA7CB6DD-7A03-45AB-86F1-A4139F7E93C1}.Debug|Any CPU.Build.0 = Debug|Any CPU
		{AA7CB6DD-7A03-45AB-86F1-A4139F7E93C1}.Release|Any CPU.ActiveCfg = Release|Any CPU
		{AA7CB6DD-7A03-45AB-86F1-A4139F7E93C1}.Release|Any CPU.Build.0 = Release|Any CPU
		{86C4A77D-EAB0-46CC-A87A-E9D504290A17}.Debug|Any CPU.ActiveCfg = Debug|Any CPU
		{86C4A77D-EAB0-46CC-A87A-E9D504290A17}.Debug|Any CPU.Build.0 = Debug|Any CPU
		{86C4A77D-EAB0-46CC-A87A-E9D504290A17}.Release|Any CPU.ActiveCfg = Release|Any CPU
		{86C4A77D-EAB0-46CC-A87A-E9D504290A17}.Release|Any CPU.Build.0 = Release|Any CPU
	EndGlobalSection
	GlobalSection(SolutionProperties) = preSolution
		HideSolutionNode = FALSE
	EndGlobalSection
	GlobalSection(ExtensibilityGlobals) = postSolution
		SolutionGuid = {61543252-83A0-48F3-9696-15209E1955DA}
	EndGlobalSection
EndGlobal
